// !$*UTF8*$!
{
	archiveVersion = 1;
	classes = {
	};
	objectVersion = 50;
	objects = {

/* Begin PBXBuildFile section */
		793DE4BD2201765E00DED932 /* BudgetsStorageManager.swift in Sources */ = {isa = PBXBuildFile; fileRef = 793DE4BC2201765E00DED932 /* BudgetsStorageManager.swift */; };
		7976A681220571170079BF76 /* BudgetDetailsScreenBuilder.swift in Sources */ = {isa = PBXBuildFile; fileRef = 7976A680220571170079BF76 /* BudgetDetailsScreenBuilder.swift */; };
		7976A684220571440079BF76 /* BudgetDetailsScreenRouter.swift in Sources */ = {isa = PBXBuildFile; fileRef = 7976A683220571440079BF76 /* BudgetDetailsScreenRouter.swift */; };
		7976A687220571820079BF76 /* BudgetDetailsScreenInteractor.swift in Sources */ = {isa = PBXBuildFile; fileRef = 7976A686220571820079BF76 /* BudgetDetailsScreenInteractor.swift */; };
		7976A68A220571AF0079BF76 /* BudgetDetailsScreenPresenter.swift in Sources */ = {isa = PBXBuildFile; fileRef = 7976A689220571AF0079BF76 /* BudgetDetailsScreenPresenter.swift */; };
		7976A68D220571F00079BF76 /* BudgetDetailsScreenViewController.swift in Sources */ = {isa = PBXBuildFile; fileRef = 7976A68C220571F00079BF76 /* BudgetDetailsScreenViewController.swift */; };
		7976A68F2205721B0079BF76 /* BudgetDetailsScreen.storyboard in Resources */ = {isa = PBXBuildFile; fileRef = 7976A68E2205721B0079BF76 /* BudgetDetailsScreen.storyboard */; };
		79811D5821E32BA6006E6129 /* AppDelegate.swift in Sources */ = {isa = PBXBuildFile; fileRef = 79811D5721E32BA6006E6129 /* AppDelegate.swift */; };
		79811D5A21E32BA6006E6129 /* ViewController.swift in Sources */ = {isa = PBXBuildFile; fileRef = 79811D5921E32BA6006E6129 /* ViewController.swift */; };
		79811D5F21E32BA7006E6129 /* Assets.xcassets in Resources */ = {isa = PBXBuildFile; fileRef = 79811D5E21E32BA7006E6129 /* Assets.xcassets */; };
		79811D6221E32BA7006E6129 /* LaunchScreen.storyboard in Resources */ = {isa = PBXBuildFile; fileRef = 79811D6021E32BA7006E6129 /* LaunchScreen.storyboard */; };
		79811D6D21E32BA7006E6129 /* BudgetsTests.swift in Sources */ = {isa = PBXBuildFile; fileRef = 79811D6C21E32BA7006E6129 /* BudgetsTests.swift */; };
		79811D7821E32BA7006E6129 /* BudgetsUITests.swift in Sources */ = {isa = PBXBuildFile; fileRef = 79811D7721E32BA7006E6129 /* BudgetsUITests.swift */; };
		79811D8C21E482C1006E6129 /* Budget.swift in Sources */ = {isa = PBXBuildFile; fileRef = 79811D8B21E482C1006E6129 /* Budget.swift */; };
		79811D8E21E5BFEC006E6129 /* RootRouter.swift in Sources */ = {isa = PBXBuildFile; fileRef = 79811D8D21E5BFEC006E6129 /* RootRouter.swift */; };
		79811D9821E5CF91006E6129 /* BudgetsScreenViewController.swift in Sources */ = {isa = PBXBuildFile; fileRef = 79811D9721E5CF91006E6129 /* BudgetsScreenViewController.swift */; };
		79811D9A21E5D08E006E6129 /* BudgetsScreenPresenter.swift in Sources */ = {isa = PBXBuildFile; fileRef = 79811D9921E5D08E006E6129 /* BudgetsScreenPresenter.swift */; };
		79811D9C21E5D16D006E6129 /* BudgetsScreenInteractor.swift in Sources */ = {isa = PBXBuildFile; fileRef = 79811D9B21E5D16D006E6129 /* BudgetsScreenInteractor.swift */; };
		79811D9E21E5D1EB006E6129 /* BudgetsScreenRouter.swift in Sources */ = {isa = PBXBuildFile; fileRef = 79811D9D21E5D1EB006E6129 /* BudgetsScreenRouter.swift */; };
		79811DA021E5D2B9006E6129 /* BudgetsScreenBuilder.swift in Sources */ = {isa = PBXBuildFile; fileRef = 79811D9F21E5D2B9006E6129 /* BudgetsScreenBuilder.swift */; };
		79811DA221E5D2F5006E6129 /* BudgetsScreen.storyboard in Resources */ = {isa = PBXBuildFile; fileRef = 79811DA121E5D2F5006E6129 /* BudgetsScreen.storyboard */; };
		79811DA521E71352006E6129 /* BudgetsTableView.swift in Sources */ = {isa = PBXBuildFile; fileRef = 79811DA421E71352006E6129 /* BudgetsTableView.swift */; };
		79811DA821E719AD006E6129 /* BudgetCell.swift in Sources */ = {isa = PBXBuildFile; fileRef = 79811DA721E719AD006E6129 /* BudgetCell.swift */; };
		79811DAB21E72017006E6129 /* DateFormatterManager.swift in Sources */ = {isa = PBXBuildFile; fileRef = 79811DAA21E72017006E6129 /* DateFormatterManager.swift */; };
		79811DAF21E726BF006E6129 /* Color+extensions.swift in Sources */ = {isa = PBXBuildFile; fileRef = 79811DAE21E726BF006E6129 /* Color+extensions.swift */; };
		79811DB221E866A9006E6129 /* Reusable.swift in Sources */ = {isa = PBXBuildFile; fileRef = 79811DB121E866A9006E6129 /* Reusable.swift */; };
		79811DB421E866E2006E6129 /* UITableView+extensions.swift in Sources */ = {isa = PBXBuildFile; fileRef = 79811DB321E866E2006E6129 /* UITableView+extensions.swift */; };
		79811DB621E867F0006E6129 /* Colection+extensions.swift in Sources */ = {isa = PBXBuildFile; fileRef = 79811DB521E867F0006E6129 /* Colection+extensions.swift */; };
		79811DB821EA4A5E006E6129 /* CurrencyManager.swift in Sources */ = {isa = PBXBuildFile; fileRef = 79811DB721EA4A5E006E6129 /* CurrencyManager.swift */; };
		79811DBA21EA4B48006E6129 /* Sequence+extensions.swift in Sources */ = {isa = PBXBuildFile; fileRef = 79811DB921EA4B48006E6129 /* Sequence+extensions.swift */; };
		79811DC221ED1284006E6129 /* BalanceScreenViewController.swift in Sources */ = {isa = PBXBuildFile; fileRef = 79811DC121ED1284006E6129 /* BalanceScreenViewController.swift */; };
		79811DC421ED12A9006E6129 /* BalanceScreenPresenter.swift in Sources */ = {isa = PBXBuildFile; fileRef = 79811DC321ED12A9006E6129 /* BalanceScreenPresenter.swift */; };
		79811DC621ED12D1006E6129 /* BalanceScreenInteractor.swift in Sources */ = {isa = PBXBuildFile; fileRef = 79811DC521ED12D1006E6129 /* BalanceScreenInteractor.swift */; };
		79811DC821ED12EC006E6129 /* BalanceScreenRouter.swift in Sources */ = {isa = PBXBuildFile; fileRef = 79811DC721ED12EC006E6129 /* BalanceScreenRouter.swift */; };
		79811DCA21ED1314006E6129 /* BalanceScreenBuilder.swift in Sources */ = {isa = PBXBuildFile; fileRef = 79811DC921ED1314006E6129 /* BalanceScreenBuilder.swift */; };
		79811DCC21ED13C1006E6129 /* BalanceScreen.storyboard in Resources */ = {isa = PBXBuildFile; fileRef = 79811DCB21ED13C1006E6129 /* BalanceScreen.storyboard */; };
		79811DCE21EDB046006E6129 /* Icons.xcassets in Resources */ = {isa = PBXBuildFile; fileRef = 79811DCD21EDB046006E6129 /* Icons.xcassets */; };
		79811DD021EDBAAA006E6129 /* BalancePageViewController.swift in Sources */ = {isa = PBXBuildFile; fileRef = 79811DCF21EDBAAA006E6129 /* BalancePageViewController.swift */; };
		79811DD221EDBB76006E6129 /* BalanceFundContentViewController.swift in Sources */ = {isa = PBXBuildFile; fileRef = 79811DD121EDBB76006E6129 /* BalanceFundContentViewController.swift */; };
		79811DD621EEFC1F006E6129 /* BalanceFundsPageVCPresenter.swift in Sources */ = {isa = PBXBuildFile; fileRef = 79811DD521EEFC1F006E6129 /* BalanceFundsPageVCPresenter.swift */; };
		79811DE721F19E65006E6129 /* CHIBasePageControl.swift in Sources */ = {isa = PBXBuildFile; fileRef = 79811DDB21F19E65006E6129 /* CHIBasePageControl.swift */; };
		79811DE821F19E65006E6129 /* CHIPageControllable.swift in Sources */ = {isa = PBXBuildFile; fileRef = 79811DDC21F19E65006E6129 /* CHIPageControllable.swift */; };
		79811DE921F19E65006E6129 /* CHILayer.swift in Sources */ = {isa = PBXBuildFile; fileRef = 79811DDD21F19E65006E6129 /* CHILayer.swift */; };
		79811DEA21F19E65006E6129 /* CHIPageControlJalapeno.swift in Sources */ = {isa = PBXBuildFile; fileRef = 79811DDE21F19E65006E6129 /* CHIPageControlJalapeno.swift */; };
		79811DEB21F19E65006E6129 /* CHIPageControlAleppo.swift in Sources */ = {isa = PBXBuildFile; fileRef = 79811DDF21F19E65006E6129 /* CHIPageControlAleppo.swift */; };
		79811DEC21F19E65006E6129 /* CHIPageControlJaloro.swift in Sources */ = {isa = PBXBuildFile; fileRef = 79811DE021F19E65006E6129 /* CHIPageControlJaloro.swift */; };
		79811DED21F19E65006E6129 /* CHIPageControlChimayo.swift in Sources */ = {isa = PBXBuildFile; fileRef = 79811DE121F19E65006E6129 /* CHIPageControlChimayo.swift */; };
		79811DEE21F19E65006E6129 /* CHIPageControlPuya.swift in Sources */ = {isa = PBXBuildFile; fileRef = 79811DE221F19E65006E6129 /* CHIPageControlPuya.swift */; };
		79811DEF21F19E65006E6129 /* CHIPageControlPaprika.swift in Sources */ = {isa = PBXBuildFile; fileRef = 79811DE321F19E65006E6129 /* CHIPageControlPaprika.swift */; };
		79811DF021F19E65006E6129 /* CHIPageControlFresno.swift in Sources */ = {isa = PBXBuildFile; fileRef = 79811DE421F19E65006E6129 /* CHIPageControlFresno.swift */; };
		79811DF121F19E65006E6129 /* CHIPageControlAji.swift in Sources */ = {isa = PBXBuildFile; fileRef = 79811DE521F19E65006E6129 /* CHIPageControlAji.swift */; };
		79811DF521F1A9A9006E6129 /* BalanceFunsPageVCHelper.swift in Sources */ = {isa = PBXBuildFile; fileRef = 79811DF421F1A9A9006E6129 /* BalanceFunsPageVCHelper.swift */; };
		79811DF821F1ACD0006E6129 /* Device.generated.swift in Sources */ = {isa = PBXBuildFile; fileRef = 79811DF721F1ACD0006E6129 /* Device.generated.swift */; };
		79811DFA21F1B25A006E6129 /* HapticFeedbackManager.swift in Sources */ = {isa = PBXBuildFile; fileRef = 79811DF921F1B25A006E6129 /* HapticFeedbackManager.swift */; };
		79CE2EAA21F30A890048066A /* HistoryScreenBuilder.swift in Sources */ = {isa = PBXBuildFile; fileRef = 79CE2EA921F30A890048066A /* HistoryScreenBuilder.swift */; };
		79CE2EAC21F30AB90048066A /* HistoryScreenRouter.swift in Sources */ = {isa = PBXBuildFile; fileRef = 79CE2EAB21F30AB90048066A /* HistoryScreenRouter.swift */; };
		79CE2EAE21F30ADD0048066A /* HistoryScreenInteractor.swift in Sources */ = {isa = PBXBuildFile; fileRef = 79CE2EAD21F30ADD0048066A /* HistoryScreenInteractor.swift */; };
		79CE2EB021F30B010048066A /* HistoryScreenPresenter.swift in Sources */ = {isa = PBXBuildFile; fileRef = 79CE2EAF21F30B010048066A /* HistoryScreenPresenter.swift */; };
		79CE2EB221F30B250048066A /* HistoryScreenViewController.swift in Sources */ = {isa = PBXBuildFile; fileRef = 79CE2EB121F30B250048066A /* HistoryScreenViewController.swift */; };
		79CE2EB421F30B700048066A /* HistoryScreen.storyboard in Resources */ = {isa = PBXBuildFile; fileRef = 79CE2EB321F30B700048066A /* HistoryScreen.storyboard */; };
		79CE2EB621FCC8C10048066A /* HistoryFunsPageViewController.swift in Sources */ = {isa = PBXBuildFile; fileRef = 79CE2EB521FCC8C10048066A /* HistoryFunsPageViewController.swift */; };
		79CE2EBA21FCCA980048066A /* HistoryFundContentViewController.swift in Sources */ = {isa = PBXBuildFile; fileRef = 79CE2EB921FCCA970048066A /* HistoryFundContentViewController.swift */; };
		79CE2EBC21FCCB2E0048066A /* HistoryFundsPageVCPresenter.swift in Sources */ = {isa = PBXBuildFile; fileRef = 79CE2EBB21FCCB2E0048066A /* HistoryFundsPageVCPresenter.swift */; };
		79CE2EBE21FCCE5F0048066A /* HistoryFunsPageVCHelper.swift in Sources */ = {isa = PBXBuildFile; fileRef = 79CE2EBD21FCCE5F0048066A /* HistoryFunsPageVCHelper.swift */; };
		79CE2EC021FCD31D0048066A /* HistoryFundsEntriesTableView.swift in Sources */ = {isa = PBXBuildFile; fileRef = 79CE2EBF21FCD31D0048066A /* HistoryFundsEntriesTableView.swift */; };
		79CE2EC221FCD4580048066A /* HistoryFundsEntriesTVPresenter.swift in Sources */ = {isa = PBXBuildFile; fileRef = 79CE2EC121FCD4580048066A /* HistoryFundsEntriesTVPresenter.swift */; };
		79CE2EC721FCE2570048066A /* HistoryFundEntryCell.swift in Sources */ = {isa = PBXBuildFile; fileRef = 79CE2EC621FCE2570048066A /* HistoryFundEntryCell.swift */; };
		79CE2EC921FCE27A0048066A /* HistoryFundDateTitleCell.swift in Sources */ = {isa = PBXBuildFile; fileRef = 79CE2EC821FCE27A0048066A /* HistoryFundDateTitleCell.swift */; };
		79CE2ECB21FCE4570048066A /* HistoryFundsCellType.swift in Sources */ = {isa = PBXBuildFile; fileRef = 79CE2ECA21FCE4570048066A /* HistoryFundsCellType.swift */; };
		79CE2ECD21FCE5570048066A /* HistoryFundEntriesTableViewHelper.swift in Sources */ = {isa = PBXBuildFile; fileRef = 79CE2ECC21FCE5570048066A /* HistoryFundEntriesTableViewHelper.swift */; };
		79CE2ECF21FCE5EA0048066A /* Date+extensions.swift in Sources */ = {isa = PBXBuildFile; fileRef = 79CE2ECE21FCE5EA0048066A /* Date+extensions.swift */; };
/* End PBXBuildFile section */

/* Begin PBXContainerItemProxy section */
		79811D6921E32BA7006E6129 /* PBXContainerItemProxy */ = {
			isa = PBXContainerItemProxy;
			containerPortal = 79811D4C21E32BA6006E6129 /* Project object */;
			proxyType = 1;
			remoteGlobalIDString = 79811D5321E32BA6006E6129;
			remoteInfo = Budgets;
		};
		79811D7421E32BA7006E6129 /* PBXContainerItemProxy */ = {
			isa = PBXContainerItemProxy;
			containerPortal = 79811D4C21E32BA6006E6129 /* Project object */;
			proxyType = 1;
			remoteGlobalIDString = 79811D5321E32BA6006E6129;
			remoteInfo = Budgets;
		};
/* End PBXContainerItemProxy section */

/* Begin PBXFileReference section */
		793DE4BC2201765E00DED932 /* BudgetsStorageManager.swift */ = {isa = PBXFileReference; lastKnownFileType = sourcecode.swift; path = BudgetsStorageManager.swift; sourceTree = "<group>"; };
		7976A680220571170079BF76 /* BudgetDetailsScreenBuilder.swift */ = {isa = PBXFileReference; lastKnownFileType = sourcecode.swift; path = BudgetDetailsScreenBuilder.swift; sourceTree = "<group>"; };
		7976A683220571440079BF76 /* BudgetDetailsScreenRouter.swift */ = {isa = PBXFileReference; lastKnownFileType = sourcecode.swift; path = BudgetDetailsScreenRouter.swift; sourceTree = "<group>"; };
		7976A686220571820079BF76 /* BudgetDetailsScreenInteractor.swift */ = {isa = PBXFileReference; lastKnownFileType = sourcecode.swift; path = BudgetDetailsScreenInteractor.swift; sourceTree = "<group>"; };
		7976A689220571AF0079BF76 /* BudgetDetailsScreenPresenter.swift */ = {isa = PBXFileReference; lastKnownFileType = sourcecode.swift; path = BudgetDetailsScreenPresenter.swift; sourceTree = "<group>"; };
		7976A68C220571F00079BF76 /* BudgetDetailsScreenViewController.swift */ = {isa = PBXFileReference; lastKnownFileType = sourcecode.swift; path = BudgetDetailsScreenViewController.swift; sourceTree = "<group>"; };
		7976A68E2205721B0079BF76 /* BudgetDetailsScreen.storyboard */ = {isa = PBXFileReference; lastKnownFileType = file.storyboard; path = BudgetDetailsScreen.storyboard; sourceTree = "<group>"; };
		79811D5421E32BA6006E6129 /* Budgets.app */ = {isa = PBXFileReference; explicitFileType = wrapper.application; includeInIndex = 0; path = Budgets.app; sourceTree = BUILT_PRODUCTS_DIR; };
		79811D5721E32BA6006E6129 /* AppDelegate.swift */ = {isa = PBXFileReference; lastKnownFileType = sourcecode.swift; path = AppDelegate.swift; sourceTree = "<group>"; };
		79811D5921E32BA6006E6129 /* ViewController.swift */ = {isa = PBXFileReference; lastKnownFileType = sourcecode.swift; path = ViewController.swift; sourceTree = "<group>"; };
		79811D5E21E32BA7006E6129 /* Assets.xcassets */ = {isa = PBXFileReference; lastKnownFileType = folder.assetcatalog; path = Assets.xcassets; sourceTree = "<group>"; };
		79811D6121E32BA7006E6129 /* Base */ = {isa = PBXFileReference; lastKnownFileType = file.storyboard; name = Base; path = Base.lproj/LaunchScreen.storyboard; sourceTree = "<group>"; };
		79811D6321E32BA7006E6129 /* Info.plist */ = {isa = PBXFileReference; lastKnownFileType = text.plist.xml; path = Info.plist; sourceTree = "<group>"; };
		79811D6821E32BA7006E6129 /* BudgetsTests.xctest */ = {isa = PBXFileReference; explicitFileType = wrapper.cfbundle; includeInIndex = 0; path = BudgetsTests.xctest; sourceTree = BUILT_PRODUCTS_DIR; };
		79811D6C21E32BA7006E6129 /* BudgetsTests.swift */ = {isa = PBXFileReference; lastKnownFileType = sourcecode.swift; path = BudgetsTests.swift; sourceTree = "<group>"; };
		79811D6E21E32BA7006E6129 /* Info.plist */ = {isa = PBXFileReference; lastKnownFileType = text.plist.xml; path = Info.plist; sourceTree = "<group>"; };
		79811D7321E32BA7006E6129 /* BudgetsUITests.xctest */ = {isa = PBXFileReference; explicitFileType = wrapper.cfbundle; includeInIndex = 0; path = BudgetsUITests.xctest; sourceTree = BUILT_PRODUCTS_DIR; };
		79811D7721E32BA7006E6129 /* BudgetsUITests.swift */ = {isa = PBXFileReference; lastKnownFileType = sourcecode.swift; path = BudgetsUITests.swift; sourceTree = "<group>"; };
		79811D7921E32BA7006E6129 /* Info.plist */ = {isa = PBXFileReference; lastKnownFileType = text.plist.xml; path = Info.plist; sourceTree = "<group>"; };
		79811D8B21E482C1006E6129 /* Budget.swift */ = {isa = PBXFileReference; lastKnownFileType = sourcecode.swift; path = Budget.swift; sourceTree = "<group>"; };
		79811D8D21E5BFEC006E6129 /* RootRouter.swift */ = {isa = PBXFileReference; lastKnownFileType = sourcecode.swift; path = RootRouter.swift; sourceTree = "<group>"; };
		79811D9721E5CF91006E6129 /* BudgetsScreenViewController.swift */ = {isa = PBXFileReference; lastKnownFileType = sourcecode.swift; path = BudgetsScreenViewController.swift; sourceTree = "<group>"; };
		79811D9921E5D08E006E6129 /* BudgetsScreenPresenter.swift */ = {isa = PBXFileReference; lastKnownFileType = sourcecode.swift; path = BudgetsScreenPresenter.swift; sourceTree = "<group>"; };
		79811D9B21E5D16D006E6129 /* BudgetsScreenInteractor.swift */ = {isa = PBXFileReference; lastKnownFileType = sourcecode.swift; path = BudgetsScreenInteractor.swift; sourceTree = "<group>"; };
		79811D9D21E5D1EB006E6129 /* BudgetsScreenRouter.swift */ = {isa = PBXFileReference; lastKnownFileType = sourcecode.swift; path = BudgetsScreenRouter.swift; sourceTree = "<group>"; };
		79811D9F21E5D2B9006E6129 /* BudgetsScreenBuilder.swift */ = {isa = PBXFileReference; lastKnownFileType = sourcecode.swift; path = BudgetsScreenBuilder.swift; sourceTree = "<group>"; };
		79811DA121E5D2F5006E6129 /* BudgetsScreen.storyboard */ = {isa = PBXFileReference; lastKnownFileType = file.storyboard; path = BudgetsScreen.storyboard; sourceTree = "<group>"; };
		79811DA421E71352006E6129 /* BudgetsTableView.swift */ = {isa = PBXFileReference; lastKnownFileType = sourcecode.swift; path = BudgetsTableView.swift; sourceTree = "<group>"; };
		79811DA721E719AD006E6129 /* BudgetCell.swift */ = {isa = PBXFileReference; lastKnownFileType = sourcecode.swift; path = BudgetCell.swift; sourceTree = "<group>"; };
		79811DAA21E72017006E6129 /* DateFormatterManager.swift */ = {isa = PBXFileReference; lastKnownFileType = sourcecode.swift; path = DateFormatterManager.swift; sourceTree = "<group>"; };
		79811DAE21E726BF006E6129 /* Color+extensions.swift */ = {isa = PBXFileReference; lastKnownFileType = sourcecode.swift; path = "Color+extensions.swift"; sourceTree = "<group>"; };
		79811DB121E866A9006E6129 /* Reusable.swift */ = {isa = PBXFileReference; lastKnownFileType = sourcecode.swift; path = Reusable.swift; sourceTree = "<group>"; };
		79811DB321E866E2006E6129 /* UITableView+extensions.swift */ = {isa = PBXFileReference; lastKnownFileType = sourcecode.swift; path = "UITableView+extensions.swift"; sourceTree = "<group>"; };
		79811DB521E867F0006E6129 /* Colection+extensions.swift */ = {isa = PBXFileReference; lastKnownFileType = sourcecode.swift; path = "Colection+extensions.swift"; sourceTree = "<group>"; };
		79811DB721EA4A5E006E6129 /* CurrencyManager.swift */ = {isa = PBXFileReference; lastKnownFileType = sourcecode.swift; path = CurrencyManager.swift; sourceTree = "<group>"; };
		79811DB921EA4B48006E6129 /* Sequence+extensions.swift */ = {isa = PBXFileReference; lastKnownFileType = sourcecode.swift; path = "Sequence+extensions.swift"; sourceTree = "<group>"; };
		79811DC121ED1284006E6129 /* BalanceScreenViewController.swift */ = {isa = PBXFileReference; lastKnownFileType = sourcecode.swift; path = BalanceScreenViewController.swift; sourceTree = "<group>"; };
		79811DC321ED12A9006E6129 /* BalanceScreenPresenter.swift */ = {isa = PBXFileReference; lastKnownFileType = sourcecode.swift; path = BalanceScreenPresenter.swift; sourceTree = "<group>"; };
		79811DC521ED12D1006E6129 /* BalanceScreenInteractor.swift */ = {isa = PBXFileReference; lastKnownFileType = sourcecode.swift; path = BalanceScreenInteractor.swift; sourceTree = "<group>"; };
		79811DC721ED12EC006E6129 /* BalanceScreenRouter.swift */ = {isa = PBXFileReference; lastKnownFileType = sourcecode.swift; path = BalanceScreenRouter.swift; sourceTree = "<group>"; };
		79811DC921ED1314006E6129 /* BalanceScreenBuilder.swift */ = {isa = PBXFileReference; lastKnownFileType = sourcecode.swift; path = BalanceScreenBuilder.swift; sourceTree = "<group>"; };
		79811DCB21ED13C1006E6129 /* BalanceScreen.storyboard */ = {isa = PBXFileReference; lastKnownFileType = file.storyboard; path = BalanceScreen.storyboard; sourceTree = "<group>"; };
		79811DCD21EDB046006E6129 /* Icons.xcassets */ = {isa = PBXFileReference; lastKnownFileType = folder.assetcatalog; path = Icons.xcassets; sourceTree = "<group>"; };
		79811DCF21EDBAAA006E6129 /* BalancePageViewController.swift */ = {isa = PBXFileReference; lastKnownFileType = sourcecode.swift; path = BalancePageViewController.swift; sourceTree = "<group>"; };
		79811DD121EDBB76006E6129 /* BalanceFundContentViewController.swift */ = {isa = PBXFileReference; lastKnownFileType = sourcecode.swift; path = BalanceFundContentViewController.swift; sourceTree = "<group>"; };
		79811DD521EEFC1F006E6129 /* BalanceFundsPageVCPresenter.swift */ = {isa = PBXFileReference; lastKnownFileType = sourcecode.swift; path = BalanceFundsPageVCPresenter.swift; sourceTree = "<group>"; };
		79811DD921F19E65006E6129 /* CHIPageControl.h */ = {isa = PBXFileReference; fileEncoding = 4; lastKnownFileType = sourcecode.c.h; path = CHIPageControl.h; sourceTree = "<group>"; };
		79811DDB21F19E65006E6129 /* CHIBasePageControl.swift */ = {isa = PBXFileReference; fileEncoding = 4; lastKnownFileType = sourcecode.swift; path = CHIBasePageControl.swift; sourceTree = "<group>"; };
		79811DDC21F19E65006E6129 /* CHIPageControllable.swift */ = {isa = PBXFileReference; fileEncoding = 4; lastKnownFileType = sourcecode.swift; path = CHIPageControllable.swift; sourceTree = "<group>"; };
		79811DDD21F19E65006E6129 /* CHILayer.swift */ = {isa = PBXFileReference; fileEncoding = 4; lastKnownFileType = sourcecode.swift; path = CHILayer.swift; sourceTree = "<group>"; };
		79811DDE21F19E65006E6129 /* CHIPageControlJalapeno.swift */ = {isa = PBXFileReference; fileEncoding = 4; lastKnownFileType = sourcecode.swift; path = CHIPageControlJalapeno.swift; sourceTree = "<group>"; };
		79811DDF21F19E65006E6129 /* CHIPageControlAleppo.swift */ = {isa = PBXFileReference; fileEncoding = 4; lastKnownFileType = sourcecode.swift; path = CHIPageControlAleppo.swift; sourceTree = "<group>"; };
		79811DE021F19E65006E6129 /* CHIPageControlJaloro.swift */ = {isa = PBXFileReference; fileEncoding = 4; lastKnownFileType = sourcecode.swift; path = CHIPageControlJaloro.swift; sourceTree = "<group>"; };
		79811DE121F19E65006E6129 /* CHIPageControlChimayo.swift */ = {isa = PBXFileReference; fileEncoding = 4; lastKnownFileType = sourcecode.swift; path = CHIPageControlChimayo.swift; sourceTree = "<group>"; };
		79811DE221F19E65006E6129 /* CHIPageControlPuya.swift */ = {isa = PBXFileReference; fileEncoding = 4; lastKnownFileType = sourcecode.swift; path = CHIPageControlPuya.swift; sourceTree = "<group>"; };
		79811DE321F19E65006E6129 /* CHIPageControlPaprika.swift */ = {isa = PBXFileReference; fileEncoding = 4; lastKnownFileType = sourcecode.swift; path = CHIPageControlPaprika.swift; sourceTree = "<group>"; };
		79811DE421F19E65006E6129 /* CHIPageControlFresno.swift */ = {isa = PBXFileReference; fileEncoding = 4; lastKnownFileType = sourcecode.swift; path = CHIPageControlFresno.swift; sourceTree = "<group>"; };
		79811DE521F19E65006E6129 /* CHIPageControlAji.swift */ = {isa = PBXFileReference; fileEncoding = 4; lastKnownFileType = sourcecode.swift; path = CHIPageControlAji.swift; sourceTree = "<group>"; };
		79811DF421F1A9A9006E6129 /* BalanceFunsPageVCHelper.swift */ = {isa = PBXFileReference; lastKnownFileType = sourcecode.swift; path = BalanceFunsPageVCHelper.swift; sourceTree = "<group>"; };
		79811DF721F1ACD0006E6129 /* Device.generated.swift */ = {isa = PBXFileReference; fileEncoding = 4; lastKnownFileType = sourcecode.swift; path = Device.generated.swift; sourceTree = "<group>"; };
		79811DF921F1B25A006E6129 /* HapticFeedbackManager.swift */ = {isa = PBXFileReference; lastKnownFileType = sourcecode.swift; path = HapticFeedbackManager.swift; sourceTree = "<group>"; };
		79CE2EA921F30A890048066A /* HistoryScreenBuilder.swift */ = {isa = PBXFileReference; lastKnownFileType = sourcecode.swift; path = HistoryScreenBuilder.swift; sourceTree = "<group>"; };
		79CE2EAB21F30AB90048066A /* HistoryScreenRouter.swift */ = {isa = PBXFileReference; lastKnownFileType = sourcecode.swift; path = HistoryScreenRouter.swift; sourceTree = "<group>"; };
		79CE2EAD21F30ADD0048066A /* HistoryScreenInteractor.swift */ = {isa = PBXFileReference; lastKnownFileType = sourcecode.swift; path = HistoryScreenInteractor.swift; sourceTree = "<group>"; };
		79CE2EAF21F30B010048066A /* HistoryScreenPresenter.swift */ = {isa = PBXFileReference; lastKnownFileType = sourcecode.swift; path = HistoryScreenPresenter.swift; sourceTree = "<group>"; };
		79CE2EB121F30B250048066A /* HistoryScreenViewController.swift */ = {isa = PBXFileReference; lastKnownFileType = sourcecode.swift; path = HistoryScreenViewController.swift; sourceTree = "<group>"; };
		79CE2EB321F30B700048066A /* HistoryScreen.storyboard */ = {isa = PBXFileReference; lastKnownFileType = file.storyboard; path = HistoryScreen.storyboard; sourceTree = "<group>"; };
		79CE2EB521FCC8C10048066A /* HistoryFunsPageViewController.swift */ = {isa = PBXFileReference; lastKnownFileType = sourcecode.swift; path = HistoryFunsPageViewController.swift; sourceTree = "<group>"; };
		79CE2EB921FCCA970048066A /* HistoryFundContentViewController.swift */ = {isa = PBXFileReference; lastKnownFileType = sourcecode.swift; path = HistoryFundContentViewController.swift; sourceTree = "<group>"; };
		79CE2EBB21FCCB2E0048066A /* HistoryFundsPageVCPresenter.swift */ = {isa = PBXFileReference; lastKnownFileType = sourcecode.swift; path = HistoryFundsPageVCPresenter.swift; sourceTree = "<group>"; };
		79CE2EBD21FCCE5F0048066A /* HistoryFunsPageVCHelper.swift */ = {isa = PBXFileReference; lastKnownFileType = sourcecode.swift; path = HistoryFunsPageVCHelper.swift; sourceTree = "<group>"; };
		79CE2EBF21FCD31D0048066A /* HistoryFundsEntriesTableView.swift */ = {isa = PBXFileReference; lastKnownFileType = sourcecode.swift; path = HistoryFundsEntriesTableView.swift; sourceTree = "<group>"; };
		79CE2EC121FCD4580048066A /* HistoryFundsEntriesTVPresenter.swift */ = {isa = PBXFileReference; lastKnownFileType = sourcecode.swift; path = HistoryFundsEntriesTVPresenter.swift; sourceTree = "<group>"; };
		79CE2EC621FCE2570048066A /* HistoryFundEntryCell.swift */ = {isa = PBXFileReference; lastKnownFileType = sourcecode.swift; path = HistoryFundEntryCell.swift; sourceTree = "<group>"; };
		79CE2EC821FCE27A0048066A /* HistoryFundDateTitleCell.swift */ = {isa = PBXFileReference; lastKnownFileType = sourcecode.swift; path = HistoryFundDateTitleCell.swift; sourceTree = "<group>"; };
		79CE2ECA21FCE4570048066A /* HistoryFundsCellType.swift */ = {isa = PBXFileReference; lastKnownFileType = sourcecode.swift; path = HistoryFundsCellType.swift; sourceTree = "<group>"; };
		79CE2ECC21FCE5570048066A /* HistoryFundEntriesTableViewHelper.swift */ = {isa = PBXFileReference; lastKnownFileType = sourcecode.swift; path = HistoryFundEntriesTableViewHelper.swift; sourceTree = "<group>"; };
		79CE2ECE21FCE5EA0048066A /* Date+extensions.swift */ = {isa = PBXFileReference; lastKnownFileType = sourcecode.swift; path = "Date+extensions.swift"; sourceTree = "<group>"; };
/* End PBXFileReference section */

/* Begin PBXFrameworksBuildPhase section */
		79811D5121E32BA6006E6129 /* Frameworks */ = {
			isa = PBXFrameworksBuildPhase;
			buildActionMask = 2147483647;
			files = (
			);
			runOnlyForDeploymentPostprocessing = 0;
		};
		79811D6521E32BA7006E6129 /* Frameworks */ = {
			isa = PBXFrameworksBuildPhase;
			buildActionMask = 2147483647;
			files = (
			);
			runOnlyForDeploymentPostprocessing = 0;
		};
		79811D7021E32BA7006E6129 /* Frameworks */ = {
			isa = PBXFrameworksBuildPhase;
			buildActionMask = 2147483647;
			files = (
			);
			runOnlyForDeploymentPostprocessing = 0;
		};
/* End PBXFrameworksBuildPhase section */

/* Begin PBXGroup section */
		7976A67E220570F00079BF76 /* BudgetDetailsScreen */ = {
			isa = PBXGroup;
			children = (
				7976A690220572670079BF76 /* Entity */,
				7976A68B220571D90079BF76 /* View */,
				7976A688220571970079BF76 /* Presenter */,
				7976A685220571640079BF76 /* Interactor */,
				7976A6822205712D0079BF76 /* Router */,
				7976A67F220570FF0079BF76 /* Builder */,
			);
			path = BudgetDetailsScreen;
			sourceTree = "<group>";
		};
		7976A67F220570FF0079BF76 /* Builder */ = {
			isa = PBXGroup;
			children = (
				7976A680220571170079BF76 /* BudgetDetailsScreenBuilder.swift */,
			);
			path = Builder;
			sourceTree = "<group>";
		};
		7976A6822205712D0079BF76 /* Router */ = {
			isa = PBXGroup;
			children = (
				7976A683220571440079BF76 /* BudgetDetailsScreenRouter.swift */,
			);
			path = Router;
			sourceTree = "<group>";
		};
		7976A685220571640079BF76 /* Interactor */ = {
			isa = PBXGroup;
			children = (
				7976A686220571820079BF76 /* BudgetDetailsScreenInteractor.swift */,
			);
			path = Interactor;
			sourceTree = "<group>";
		};
		7976A688220571970079BF76 /* Presenter */ = {
			isa = PBXGroup;
			children = (
				7976A689220571AF0079BF76 /* BudgetDetailsScreenPresenter.swift */,
			);
			path = Presenter;
			sourceTree = "<group>";
		};
		7976A68B220571D90079BF76 /* View */ = {
			isa = PBXGroup;
			children = (
				7976A68C220571F00079BF76 /* BudgetDetailsScreenViewController.swift */,
				7976A68E2205721B0079BF76 /* BudgetDetailsScreen.storyboard */,
			);
			path = View;
			sourceTree = "<group>";
		};
		7976A690220572670079BF76 /* Entity */ = {
			isa = PBXGroup;
			children = (
			);
			path = Entity;
			sourceTree = "<group>";
		};
		79811D4B21E32BA6006E6129 = {
			isa = PBXGroup;
			children = (
				79811D5621E32BA6006E6129 /* Budgets */,
				79811D6B21E32BA7006E6129 /* BudgetsTests */,
				79811D7621E32BA7006E6129 /* BudgetsUITests */,
				79811D5521E32BA6006E6129 /* Products */,
			);
			sourceTree = "<group>";
		};
		79811D5521E32BA6006E6129 /* Products */ = {
			isa = PBXGroup;
			children = (
				79811D5421E32BA6006E6129 /* Budgets.app */,
				79811D6821E32BA7006E6129 /* BudgetsTests.xctest */,
				79811D7321E32BA7006E6129 /* BudgetsUITests.xctest */,
			);
			name = Products;
			sourceTree = "<group>";
		};
		79811D5621E32BA6006E6129 /* Budgets */ = {
			isa = PBXGroup;
			children = (
				79811DAC21E7267F006E6129 /* Units */,
				79811D8921E48261006E6129 /* Modules */,
				79811D8721E4821F006E6129 /* Common */,
				79811D6321E32BA7006E6129 /* Info.plist */,
				79811D8621E48100006E6129 /* Application */,
				79811D5921E32BA6006E6129 /* ViewController.swift */,
			);
			path = Budgets;
			sourceTree = "<group>";
		};
		79811D6B21E32BA7006E6129 /* BudgetsTests */ = {
			isa = PBXGroup;
			children = (
				79811D6C21E32BA7006E6129 /* BudgetsTests.swift */,
				79811D6E21E32BA7006E6129 /* Info.plist */,
			);
			path = BudgetsTests;
			sourceTree = "<group>";
		};
		79811D7621E32BA7006E6129 /* BudgetsUITests */ = {
			isa = PBXGroup;
			children = (
				79811D7721E32BA7006E6129 /* BudgetsUITests.swift */,
				79811D7921E32BA7006E6129 /* Info.plist */,
			);
			path = BudgetsUITests;
			sourceTree = "<group>";
		};
		79811D8621E48100006E6129 /* Application */ = {
			isa = PBXGroup;
			children = (
				79811D5721E32BA6006E6129 /* AppDelegate.swift */,
				79811D5E21E32BA7006E6129 /* Assets.xcassets */,
				79811DCD21EDB046006E6129 /* Icons.xcassets */,
				79811D6021E32BA7006E6129 /* LaunchScreen.storyboard */,
				79811D8D21E5BFEC006E6129 /* RootRouter.swift */,
			);
			path = Application;
			sourceTree = "<group>";
		};
		79811D8721E4821F006E6129 /* Common */ = {
			isa = PBXGroup;
			children = (
				79811DB021E8667C006E6129 /* Protocols */,
				79811DA921E71FDE006E6129 /* Managers */,
				79811D8821E48228006E6129 /* Models */,
			);
			path = Common;
			sourceTree = "<group>";
		};
		79811D8821E48228006E6129 /* Models */ = {
			isa = PBXGroup;
			children = (
				79811D8A21E482AA006E6129 /* Budget */,
			);
			path = Models;
			sourceTree = "<group>";
		};
		79811D8921E48261006E6129 /* Modules */ = {
			isa = PBXGroup;
			children = (
				7976A67E220570F00079BF76 /* BudgetDetailsScreen */,
				79CE2EA221F30A2B0048066A /* HistoryScreen */,
				79811DBB21ED120A006E6129 /* BalanceScreen */,
				79811D9121E5CE95006E6129 /* BudgetsScreen */,
			);
			path = Modules;
			sourceTree = "<group>";
		};
		79811D8A21E482AA006E6129 /* Budget */ = {
			isa = PBXGroup;
			children = (
				79811D8B21E482C1006E6129 /* Budget.swift */,
			);
			path = Budget;
			sourceTree = "<group>";
		};
		79811D9121E5CE95006E6129 /* BudgetsScreen */ = {
			isa = PBXGroup;
			children = (
				79811D9221E5CEF0006E6129 /* View */,
				79811D9321E5CEF9006E6129 /* Presenter */,
				79811D9421E5CF03006E6129 /* Interactor */,
				79811D9521E5CF2E006E6129 /* Router */,
				79811D9621E5CF3F006E6129 /* Builder */,
			);
			path = BudgetsScreen;
			sourceTree = "<group>";
		};
		79811D9221E5CEF0006E6129 /* View */ = {
			isa = PBXGroup;
			children = (
				79811DA621E71913006E6129 /* Cell */,
				79811D9721E5CF91006E6129 /* BudgetsScreenViewController.swift */,
				79811DA121E5D2F5006E6129 /* BudgetsScreen.storyboard */,
				79811DA421E71352006E6129 /* BudgetsTableView.swift */,
			);
			path = View;
			sourceTree = "<group>";
		};
		79811D9321E5CEF9006E6129 /* Presenter */ = {
			isa = PBXGroup;
			children = (
				79811D9921E5D08E006E6129 /* BudgetsScreenPresenter.swift */,
			);
			path = Presenter;
			sourceTree = "<group>";
		};
		79811D9421E5CF03006E6129 /* Interactor */ = {
			isa = PBXGroup;
			children = (
				79811D9B21E5D16D006E6129 /* BudgetsScreenInteractor.swift */,
			);
			path = Interactor;
			sourceTree = "<group>";
		};
		79811D9521E5CF2E006E6129 /* Router */ = {
			isa = PBXGroup;
			children = (
				79811D9D21E5D1EB006E6129 /* BudgetsScreenRouter.swift */,
			);
			path = Router;
			sourceTree = "<group>";
		};
		79811D9621E5CF3F006E6129 /* Builder */ = {
			isa = PBXGroup;
			children = (
				79811D9F21E5D2B9006E6129 /* BudgetsScreenBuilder.swift */,
			);
			path = Builder;
			sourceTree = "<group>";
		};
		79811DA621E71913006E6129 /* Cell */ = {
			isa = PBXGroup;
			children = (
				79811DA721E719AD006E6129 /* BudgetCell.swift */,
			);
			path = Cell;
			sourceTree = "<group>";
		};
		79811DA921E71FDE006E6129 /* Managers */ = {
			isa = PBXGroup;
			children = (
				79811DAA21E72017006E6129 /* DateFormatterManager.swift */,
				79811DB721EA4A5E006E6129 /* CurrencyManager.swift */,
				79811DF921F1B25A006E6129 /* HapticFeedbackManager.swift */,
				793DE4BC2201765E00DED932 /* BudgetsStorageManager.swift */,
			);
			path = Managers;
			sourceTree = "<group>";
		};
		79811DAC21E7267F006E6129 /* Units */ = {
			isa = PBXGroup;
			children = (
				79811DD721F19E43006E6129 /* Library */,
				79811DAD21E7268C006E6129 /* Extensions */,
			);
			path = Units;
			sourceTree = "<group>";
		};
		79811DAD21E7268C006E6129 /* Extensions */ = {
			isa = PBXGroup;
			children = (
				79811DAE21E726BF006E6129 /* Color+extensions.swift */,
				79811DB321E866E2006E6129 /* UITableView+extensions.swift */,
				79811DB521E867F0006E6129 /* Colection+extensions.swift */,
				79811DB921EA4B48006E6129 /* Sequence+extensions.swift */,
				79CE2ECE21FCE5EA0048066A /* Date+extensions.swift */,
			);
			path = Extensions;
			sourceTree = "<group>";
		};
		79811DB021E8667C006E6129 /* Protocols */ = {
			isa = PBXGroup;
			children = (
				79811DB121E866A9006E6129 /* Reusable.swift */,
			);
			path = Protocols;
			sourceTree = "<group>";
		};
		79811DBB21ED120A006E6129 /* BalanceScreen */ = {
			isa = PBXGroup;
			children = (
				79811DF321F1A96B006E6129 /* Entity */,
				79811DC021ED124F006E6129 /* View */,
				79811DBF21ED1236006E6129 /* Presenter */,
				79811DBE21ED122C006E6129 /* Interactor */,
				79811DBD21ED1220006E6129 /* Router */,
				79811DBC21ED1217006E6129 /* Builder */,
			);
			path = BalanceScreen;
			sourceTree = "<group>";
		};
		79811DBC21ED1217006E6129 /* Builder */ = {
			isa = PBXGroup;
			children = (
				79811DC921ED1314006E6129 /* BalanceScreenBuilder.swift */,
			);
			path = Builder;
			sourceTree = "<group>";
		};
		79811DBD21ED1220006E6129 /* Router */ = {
			isa = PBXGroup;
			children = (
				79811DC721ED12EC006E6129 /* BalanceScreenRouter.swift */,
			);
			path = Router;
			sourceTree = "<group>";
		};
		79811DBE21ED122C006E6129 /* Interactor */ = {
			isa = PBXGroup;
			children = (
				79811DC521ED12D1006E6129 /* BalanceScreenInteractor.swift */,
			);
			path = Interactor;
			sourceTree = "<group>";
		};
		79811DBF21ED1236006E6129 /* Presenter */ = {
			isa = PBXGroup;
			children = (
				79811DC321ED12A9006E6129 /* BalanceScreenPresenter.swift */,
				79811DD521EEFC1F006E6129 /* BalanceFundsPageVCPresenter.swift */,
			);
			path = Presenter;
			sourceTree = "<group>";
		};
		79811DC021ED124F006E6129 /* View */ = {
			isa = PBXGroup;
			children = (
				79811DC121ED1284006E6129 /* BalanceScreenViewController.swift */,
				79811DCF21EDBAAA006E6129 /* BalancePageViewController.swift */,
				79811DD121EDBB76006E6129 /* BalanceFundContentViewController.swift */,
				79811DCB21ED13C1006E6129 /* BalanceScreen.storyboard */,
			);
			path = View;
			sourceTree = "<group>";
		};
		79811DD721F19E43006E6129 /* Library */ = {
			isa = PBXGroup;
			children = (
				79811DF621F1ACC2006E6129 /* Device */,
				79811DD821F19E65006E6129 /* CHIPageControl */,
			);
			path = Library;
			sourceTree = "<group>";
		};
		79811DD821F19E65006E6129 /* CHIPageControl */ = {
			isa = PBXGroup;
			children = (
				79811DD921F19E65006E6129 /* CHIPageControl.h */,
				79811DDA21F19E65006E6129 /* Core */,
				79811DDE21F19E65006E6129 /* CHIPageControlJalapeno.swift */,
				79811DDF21F19E65006E6129 /* CHIPageControlAleppo.swift */,
				79811DE021F19E65006E6129 /* CHIPageControlJaloro.swift */,
				79811DE121F19E65006E6129 /* CHIPageControlChimayo.swift */,
				79811DE221F19E65006E6129 /* CHIPageControlPuya.swift */,
				79811DE321F19E65006E6129 /* CHIPageControlPaprika.swift */,
				79811DE421F19E65006E6129 /* CHIPageControlFresno.swift */,
				79811DE521F19E65006E6129 /* CHIPageControlAji.swift */,
			);
			path = CHIPageControl;
			sourceTree = "<group>";
		};
		79811DDA21F19E65006E6129 /* Core */ = {
			isa = PBXGroup;
			children = (
				79811DDB21F19E65006E6129 /* CHIBasePageControl.swift */,
				79811DDC21F19E65006E6129 /* CHIPageControllable.swift */,
				79811DDD21F19E65006E6129 /* CHILayer.swift */,
			);
			path = Core;
			sourceTree = "<group>";
		};
		79811DF321F1A96B006E6129 /* Entity */ = {
			isa = PBXGroup;
			children = (
				79811DF421F1A9A9006E6129 /* BalanceFunsPageVCHelper.swift */,
			);
			path = Entity;
			sourceTree = "<group>";
		};
		79811DF621F1ACC2006E6129 /* Device */ = {
			isa = PBXGroup;
			children = (
				79811DF721F1ACD0006E6129 /* Device.generated.swift */,
			);
			path = Device;
			sourceTree = "<group>";
		};
		79CE2EA221F30A2B0048066A /* HistoryScreen */ = {
			isa = PBXGroup;
			children = (
				79CE2EA821F30A6E0048066A /* Entity */,
				79CE2EA721F30A660048066A /* View */,
				79CE2EA621F30A5D0048066A /* Presenter */,
				79CE2EA521F30A4C0048066A /* Interactor */,
				79CE2EA421F30A430048066A /* Router */,
				79CE2EA321F30A3B0048066A /* Builder */,
			);
			path = HistoryScreen;
			sourceTree = "<group>";
		};
		79CE2EA321F30A3B0048066A /* Builder */ = {
			isa = PBXGroup;
			children = (
				79CE2EA921F30A890048066A /* HistoryScreenBuilder.swift */,
			);
			path = Builder;
			sourceTree = "<group>";
		};
		79CE2EA421F30A430048066A /* Router */ = {
			isa = PBXGroup;
			children = (
				79CE2EAB21F30AB90048066A /* HistoryScreenRouter.swift */,
			);
			path = Router;
			sourceTree = "<group>";
		};
		79CE2EA521F30A4C0048066A /* Interactor */ = {
			isa = PBXGroup;
			children = (
				79CE2EAD21F30ADD0048066A /* HistoryScreenInteractor.swift */,
			);
			path = Interactor;
			sourceTree = "<group>";
		};
		79CE2EA621F30A5D0048066A /* Presenter */ = {
			isa = PBXGroup;
			children = (
				79CE2EAF21F30B010048066A /* HistoryScreenPresenter.swift */,
				79CE2EBB21FCCB2E0048066A /* HistoryFundsPageVCPresenter.swift */,
				79CE2EC121FCD4580048066A /* HistoryFundsEntriesTVPresenter.swift */,
			);
			path = Presenter;
			sourceTree = "<group>";
		};
		79CE2EA721F30A660048066A /* View */ = {
			isa = PBXGroup;
			children = (
				79CE2EC321FCE12F0048066A /* Cell */,
				79CE2EB121F30B250048066A /* HistoryScreenViewController.swift */,
				79CE2EB521FCC8C10048066A /* HistoryFunsPageViewController.swift */,
				79CE2EB921FCCA970048066A /* HistoryFundContentViewController.swift */,
				79CE2EBF21FCD31D0048066A /* HistoryFundsEntriesTableView.swift */,
				79CE2EB321F30B700048066A /* HistoryScreen.storyboard */,
			);
			path = View;
			sourceTree = "<group>";
		};
		79CE2EA821F30A6E0048066A /* Entity */ = {
			isa = PBXGroup;
			children = (
				79CE2EBD21FCCE5F0048066A /* HistoryFunsPageVCHelper.swift */,
				79CE2ECA21FCE4570048066A /* HistoryFundsCellType.swift */,
				79CE2ECC21FCE5570048066A /* HistoryFundEntriesTableViewHelper.swift */,
			);
			path = Entity;
			sourceTree = "<group>";
		};
		79CE2EC321FCE12F0048066A /* Cell */ = {
			isa = PBXGroup;
			children = (
				79CE2EC621FCE2570048066A /* HistoryFundEntryCell.swift */,
				79CE2EC821FCE27A0048066A /* HistoryFundDateTitleCell.swift */,
			);
			path = Cell;
			sourceTree = "<group>";
		};
/* End PBXGroup section */

/* Begin PBXNativeTarget section */
		79811D5321E32BA6006E6129 /* Budgets */ = {
			isa = PBXNativeTarget;
			buildConfigurationList = 79811D7C21E32BA7006E6129 /* Build configuration list for PBXNativeTarget "Budgets" */;
			buildPhases = (
				79811D5021E32BA6006E6129 /* Sources */,
				79811D5121E32BA6006E6129 /* Frameworks */,
				79811D5221E32BA6006E6129 /* Resources */,
			);
			buildRules = (
			);
			dependencies = (
			);
			name = Budgets;
			productName = Budgets;
			productReference = 79811D5421E32BA6006E6129 /* Budgets.app */;
			productType = "com.apple.product-type.application";
		};
		79811D6721E32BA7006E6129 /* BudgetsTests */ = {
			isa = PBXNativeTarget;
			buildConfigurationList = 79811D7F21E32BA7006E6129 /* Build configuration list for PBXNativeTarget "BudgetsTests" */;
			buildPhases = (
				79811D6421E32BA7006E6129 /* Sources */,
				79811D6521E32BA7006E6129 /* Frameworks */,
				79811D6621E32BA7006E6129 /* Resources */,
			);
			buildRules = (
			);
			dependencies = (
				79811D6A21E32BA7006E6129 /* PBXTargetDependency */,
			);
			name = BudgetsTests;
			productName = BudgetsTests;
			productReference = 79811D6821E32BA7006E6129 /* BudgetsTests.xctest */;
			productType = "com.apple.product-type.bundle.unit-test";
		};
		79811D7221E32BA7006E6129 /* BudgetsUITests */ = {
			isa = PBXNativeTarget;
			buildConfigurationList = 79811D8221E32BA7006E6129 /* Build configuration list for PBXNativeTarget "BudgetsUITests" */;
			buildPhases = (
				79811D6F21E32BA7006E6129 /* Sources */,
				79811D7021E32BA7006E6129 /* Frameworks */,
				79811D7121E32BA7006E6129 /* Resources */,
			);
			buildRules = (
			);
			dependencies = (
				79811D7521E32BA7006E6129 /* PBXTargetDependency */,
			);
			name = BudgetsUITests;
			productName = BudgetsUITests;
			productReference = 79811D7321E32BA7006E6129 /* BudgetsUITests.xctest */;
			productType = "com.apple.product-type.bundle.ui-testing";
		};
/* End PBXNativeTarget section */

/* Begin PBXProject section */
		79811D4C21E32BA6006E6129 /* Project object */ = {
			isa = PBXProject;
			attributes = {
				LastSwiftUpdateCheck = 1010;
				LastUpgradeCheck = 1010;
				ORGANIZATIONNAME = "IEVGENII IABLONSKYI";
				TargetAttributes = {
					79811D5321E32BA6006E6129 = {
						CreatedOnToolsVersion = 10.1;
					};
					79811D6721E32BA7006E6129 = {
						CreatedOnToolsVersion = 10.1;
						TestTargetID = 79811D5321E32BA6006E6129;
					};
					79811D7221E32BA7006E6129 = {
						CreatedOnToolsVersion = 10.1;
						TestTargetID = 79811D5321E32BA6006E6129;
					};
				};
			};
			buildConfigurationList = 79811D4F21E32BA6006E6129 /* Build configuration list for PBXProject "Budgets" */;
			compatibilityVersion = "Xcode 9.3";
			developmentRegion = en;
			hasScannedForEncodings = 0;
			knownRegions = (
				en,
				Base,
			);
			mainGroup = 79811D4B21E32BA6006E6129;
			productRefGroup = 79811D5521E32BA6006E6129 /* Products */;
			projectDirPath = "";
			projectRoot = "";
			targets = (
				79811D5321E32BA6006E6129 /* Budgets */,
				79811D6721E32BA7006E6129 /* BudgetsTests */,
				79811D7221E32BA7006E6129 /* BudgetsUITests */,
			);
		};
/* End PBXProject section */

/* Begin PBXResourcesBuildPhase section */
		79811D5221E32BA6006E6129 /* Resources */ = {
			isa = PBXResourcesBuildPhase;
			buildActionMask = 2147483647;
			files = (
				79811DA221E5D2F5006E6129 /* BudgetsScreen.storyboard in Resources */,
				79CE2EB421F30B700048066A /* HistoryScreen.storyboard in Resources */,
				79811DCC21ED13C1006E6129 /* BalanceScreen.storyboard in Resources */,
				7976A68F2205721B0079BF76 /* BudgetDetailsScreen.storyboard in Resources */,
				79811D6221E32BA7006E6129 /* LaunchScreen.storyboard in Resources */,
				79811D5F21E32BA7006E6129 /* Assets.xcassets in Resources */,
				79811DCE21EDB046006E6129 /* Icons.xcassets in Resources */,
			);
			runOnlyForDeploymentPostprocessing = 0;
		};
		79811D6621E32BA7006E6129 /* Resources */ = {
			isa = PBXResourcesBuildPhase;
			buildActionMask = 2147483647;
			files = (
			);
			runOnlyForDeploymentPostprocessing = 0;
		};
		79811D7121E32BA7006E6129 /* Resources */ = {
			isa = PBXResourcesBuildPhase;
			buildActionMask = 2147483647;
			files = (
			);
			runOnlyForDeploymentPostprocessing = 0;
		};
/* End PBXResourcesBuildPhase section */

/* Begin PBXSourcesBuildPhase section */
		79811D5021E32BA6006E6129 /* Sources */ = {
			isa = PBXSourcesBuildPhase;
			buildActionMask = 2147483647;
			files = (
				7976A681220571170079BF76 /* BudgetDetailsScreenBuilder.swift in Sources */,
				79811DF021F19E65006E6129 /* CHIPageControlFresno.swift in Sources */,
				7976A687220571820079BF76 /* BudgetDetailsScreenInteractor.swift in Sources */,
				79811DF821F1ACD0006E6129 /* Device.generated.swift in Sources */,
				79811DED21F19E65006E6129 /* CHIPageControlChimayo.swift in Sources */,
				79811DB621E867F0006E6129 /* Colection+extensions.swift in Sources */,
				79CE2EBC21FCCB2E0048066A /* HistoryFundsPageVCPresenter.swift in Sources */,
				79811DA021E5D2B9006E6129 /* BudgetsScreenBuilder.swift in Sources */,
				79CE2EC221FCD4580048066A /* HistoryFundsEntriesTVPresenter.swift in Sources */,
				79CE2ECB21FCE4570048066A /* HistoryFundsCellType.swift in Sources */,
				79811DF521F1A9A9006E6129 /* BalanceFunsPageVCHelper.swift in Sources */,
				79CE2EB621FCC8C10048066A /* HistoryFunsPageViewController.swift in Sources */,
				79811DBA21EA4B48006E6129 /* Sequence+extensions.swift in Sources */,
				79811DD221EDBB76006E6129 /* BalanceFundContentViewController.swift in Sources */,
				79811DA821E719AD006E6129 /* BudgetCell.swift in Sources */,
				79CE2EB021F30B010048066A /* HistoryScreenPresenter.swift in Sources */,
				79811D8E21E5BFEC006E6129 /* RootRouter.swift in Sources */,
				79811DA521E71352006E6129 /* BudgetsTableView.swift in Sources */,
				7976A68A220571AF0079BF76 /* BudgetDetailsScreenPresenter.swift in Sources */,
				79811DEE21F19E65006E6129 /* CHIPageControlPuya.swift in Sources */,
				79811DE921F19E65006E6129 /* CHILayer.swift in Sources */,
				79811D9A21E5D08E006E6129 /* BudgetsScreenPresenter.swift in Sources */,
				79811DF121F19E65006E6129 /* CHIPageControlAji.swift in Sources */,
				79811DC821ED12EC006E6129 /* BalanceScreenRouter.swift in Sources */,
				79CE2EAA21F30A890048066A /* HistoryScreenBuilder.swift in Sources */,
				79811D5A21E32BA6006E6129 /* ViewController.swift in Sources */,
				79811DE821F19E65006E6129 /* CHIPageControllable.swift in Sources */,
				79811DB221E866A9006E6129 /* Reusable.swift in Sources */,
				79CE2ECF21FCE5EA0048066A /* Date+extensions.swift in Sources */,
				793DE4BD2201765E00DED932 /* BudgetsStorageManager.swift in Sources */,
				79811D9E21E5D1EB006E6129 /* BudgetsScreenRouter.swift in Sources */,
				79811DEC21F19E65006E6129 /* CHIPageControlJaloro.swift in Sources */,
				79811DAF21E726BF006E6129 /* Color+extensions.swift in Sources */,
				79811DC621ED12D1006E6129 /* BalanceScreenInteractor.swift in Sources */,
				79CE2EC921FCE27A0048066A /* HistoryFundDateTitleCell.swift in Sources */,
				79811DFA21F1B25A006E6129 /* HapticFeedbackManager.swift in Sources */,
				79811DE721F19E65006E6129 /* CHIBasePageControl.swift in Sources */,
				79811DEB21F19E65006E6129 /* CHIPageControlAleppo.swift in Sources */,
				7976A68D220571F00079BF76 /* BudgetDetailsScreenViewController.swift in Sources */,
				79811D9C21E5D16D006E6129 /* BudgetsScreenInteractor.swift in Sources */,
				79CE2EC721FCE2570048066A /* HistoryFundEntryCell.swift in Sources */,
				79811DCA21ED1314006E6129 /* BalanceScreenBuilder.swift in Sources */,
				79CE2ECD21FCE5570048066A /* HistoryFundEntriesTableViewHelper.swift in Sources */,
				79811DB421E866E2006E6129 /* UITableView+extensions.swift in Sources */,
				79811DC421ED12A9006E6129 /* BalanceScreenPresenter.swift in Sources */,
				79811D5821E32BA6006E6129 /* AppDelegate.swift in Sources */,
				79CE2EB221F30B250048066A /* HistoryScreenViewController.swift in Sources */,
				79811D9821E5CF91006E6129 /* BudgetsScreenViewController.swift in Sources */,
				79CE2EAE21F30ADD0048066A /* HistoryScreenInteractor.swift in Sources */,
				79811DC221ED1284006E6129 /* BalanceScreenViewController.swift in Sources */,
				79811DEF21F19E65006E6129 /* CHIPageControlPaprika.swift in Sources */,
				79CE2EAC21F30AB90048066A /* HistoryScreenRouter.swift in Sources */,
				79811DD021EDBAAA006E6129 /* BalancePageViewController.swift in Sources */,
				7976A684220571440079BF76 /* BudgetDetailsScreenRouter.swift in Sources */,
				79CE2EC021FCD31D0048066A /* HistoryFundsEntriesTableView.swift in Sources */,
				79811DAB21E72017006E6129 /* DateFormatterManager.swift in Sources */,
				79811D8C21E482C1006E6129 /* Budget.swift in Sources */,
				79CE2EBA21FCCA980048066A /* HistoryFundContentViewController.swift in Sources */,
				79811DEA21F19E65006E6129 /* CHIPageControlJalapeno.swift in Sources */,
				79CE2EBE21FCCE5F0048066A /* HistoryFunsPageVCHelper.swift in Sources */,
				79811DD621EEFC1F006E6129 /* BalanceFundsPageVCPresenter.swift in Sources */,
				79811DB821EA4A5E006E6129 /* CurrencyManager.swift in Sources */,
			);
			runOnlyForDeploymentPostprocessing = 0;
		};
		79811D6421E32BA7006E6129 /* Sources */ = {
			isa = PBXSourcesBuildPhase;
			buildActionMask = 2147483647;
			files = (
				79811D6D21E32BA7006E6129 /* BudgetsTests.swift in Sources */,
			);
			runOnlyForDeploymentPostprocessing = 0;
		};
		79811D6F21E32BA7006E6129 /* Sources */ = {
			isa = PBXSourcesBuildPhase;
			buildActionMask = 2147483647;
			files = (
				79811D7821E32BA7006E6129 /* BudgetsUITests.swift in Sources */,
			);
			runOnlyForDeploymentPostprocessing = 0;
		};
/* End PBXSourcesBuildPhase section */

/* Begin PBXTargetDependency section */
		79811D6A21E32BA7006E6129 /* PBXTargetDependency */ = {
			isa = PBXTargetDependency;
			target = 79811D5321E32BA6006E6129 /* Budgets */;
			targetProxy = 79811D6921E32BA7006E6129 /* PBXContainerItemProxy */;
		};
		79811D7521E32BA7006E6129 /* PBXTargetDependency */ = {
			isa = PBXTargetDependency;
			target = 79811D5321E32BA6006E6129 /* Budgets */;
			targetProxy = 79811D7421E32BA7006E6129 /* PBXContainerItemProxy */;
		};
/* End PBXTargetDependency section */

/* Begin PBXVariantGroup section */
		79811D6021E32BA7006E6129 /* LaunchScreen.storyboard */ = {
			isa = PBXVariantGroup;
			children = (
				79811D6121E32BA7006E6129 /* Base */,
			);
			name = LaunchScreen.storyboard;
			sourceTree = "<group>";
		};
/* End PBXVariantGroup section */

/* Begin XCBuildConfiguration section */
		79811D7A21E32BA7006E6129 /* Debug */ = {
			isa = XCBuildConfiguration;
			buildSettings = {
				ALWAYS_SEARCH_USER_PATHS = NO;
				CLANG_ANALYZER_NONNULL = YES;
				CLANG_ANALYZER_NUMBER_OBJECT_CONVERSION = YES_AGGRESSIVE;
				CLANG_CXX_LANGUAGE_STANDARD = "gnu++14";
				CLANG_CXX_LIBRARY = "libc++";
				CLANG_ENABLE_MODULES = YES;
				CLANG_ENABLE_OBJC_ARC = YES;
				CLANG_ENABLE_OBJC_WEAK = YES;
				CLANG_WARN_BLOCK_CAPTURE_AUTORELEASING = YES;
				CLANG_WARN_BOOL_CONVERSION = YES;
				CLANG_WARN_COMMA = YES;
				CLANG_WARN_CONSTANT_CONVERSION = YES;
				CLANG_WARN_DEPRECATED_OBJC_IMPLEMENTATIONS = YES;
				CLANG_WARN_DIRECT_OBJC_ISA_USAGE = YES_ERROR;
				CLANG_WARN_DOCUMENTATION_COMMENTS = YES;
				CLANG_WARN_EMPTY_BODY = YES;
				CLANG_WARN_ENUM_CONVERSION = YES;
				CLANG_WARN_INFINITE_RECURSION = YES;
				CLANG_WARN_INT_CONVERSION = YES;
				CLANG_WARN_NON_LITERAL_NULL_CONVERSION = YES;
				CLANG_WARN_OBJC_IMPLICIT_RETAIN_SELF = YES;
				CLANG_WARN_OBJC_LITERAL_CONVERSION = YES;
				CLANG_WARN_OBJC_ROOT_CLASS = YES_ERROR;
				CLANG_WARN_RANGE_LOOP_ANALYSIS = YES;
				CLANG_WARN_STRICT_PROTOTYPES = YES;
				CLANG_WARN_SUSPICIOUS_MOVE = YES;
				CLANG_WARN_UNGUARDED_AVAILABILITY = YES_AGGRESSIVE;
				CLANG_WARN_UNREACHABLE_CODE = YES;
				CLANG_WARN__DUPLICATE_METHOD_MATCH = YES;
				CODE_SIGN_IDENTITY = "iPhone Developer";
				COPY_PHASE_STRIP = NO;
				DEBUG_INFORMATION_FORMAT = dwarf;
				ENABLE_STRICT_OBJC_MSGSEND = YES;
				ENABLE_TESTABILITY = YES;
				GCC_C_LANGUAGE_STANDARD = gnu11;
				GCC_DYNAMIC_NO_PIC = NO;
				GCC_NO_COMMON_BLOCKS = YES;
				GCC_OPTIMIZATION_LEVEL = 0;
				GCC_PREPROCESSOR_DEFINITIONS = (
					"DEBUG=1",
					"$(inherited)",
				);
				GCC_WARN_64_TO_32_BIT_CONVERSION = YES;
				GCC_WARN_ABOUT_RETURN_TYPE = YES_ERROR;
				GCC_WARN_UNDECLARED_SELECTOR = YES;
				GCC_WARN_UNINITIALIZED_AUTOS = YES_AGGRESSIVE;
				GCC_WARN_UNUSED_FUNCTION = YES;
				GCC_WARN_UNUSED_VARIABLE = YES;
				IPHONEOS_DEPLOYMENT_TARGET = 12.1;
				MTL_ENABLE_DEBUG_INFO = INCLUDE_SOURCE;
				MTL_FAST_MATH = YES;
				ONLY_ACTIVE_ARCH = YES;
				SDKROOT = iphoneos;
				SWIFT_ACTIVE_COMPILATION_CONDITIONS = DEBUG;
				SWIFT_OPTIMIZATION_LEVEL = "-Onone";
			};
			name = Debug;
		};
		79811D7B21E32BA7006E6129 /* Release */ = {
			isa = XCBuildConfiguration;
			buildSettings = {
				ALWAYS_SEARCH_USER_PATHS = NO;
				CLANG_ANALYZER_NONNULL = YES;
				CLANG_ANALYZER_NUMBER_OBJECT_CONVERSION = YES_AGGRESSIVE;
				CLANG_CXX_LANGUAGE_STANDARD = "gnu++14";
				CLANG_CXX_LIBRARY = "libc++";
				CLANG_ENABLE_MODULES = YES;
				CLANG_ENABLE_OBJC_ARC = YES;
				CLANG_ENABLE_OBJC_WEAK = YES;
				CLANG_WARN_BLOCK_CAPTURE_AUTORELEASING = YES;
				CLANG_WARN_BOOL_CONVERSION = YES;
				CLANG_WARN_COMMA = YES;
				CLANG_WARN_CONSTANT_CONVERSION = YES;
				CLANG_WARN_DEPRECATED_OBJC_IMPLEMENTATIONS = YES;
				CLANG_WARN_DIRECT_OBJC_ISA_USAGE = YES_ERROR;
				CLANG_WARN_DOCUMENTATION_COMMENTS = YES;
				CLANG_WARN_EMPTY_BODY = YES;
				CLANG_WARN_ENUM_CONVERSION = YES;
				CLANG_WARN_INFINITE_RECURSION = YES;
				CLANG_WARN_INT_CONVERSION = YES;
				CLANG_WARN_NON_LITERAL_NULL_CONVERSION = YES;
				CLANG_WARN_OBJC_IMPLICIT_RETAIN_SELF = YES;
				CLANG_WARN_OBJC_LITERAL_CONVERSION = YES;
				CLANG_WARN_OBJC_ROOT_CLASS = YES_ERROR;
				CLANG_WARN_RANGE_LOOP_ANALYSIS = YES;
				CLANG_WARN_STRICT_PROTOTYPES = YES;
				CLANG_WARN_SUSPICIOUS_MOVE = YES;
				CLANG_WARN_UNGUARDED_AVAILABILITY = YES_AGGRESSIVE;
				CLANG_WARN_UNREACHABLE_CODE = YES;
				CLANG_WARN__DUPLICATE_METHOD_MATCH = YES;
				CODE_SIGN_IDENTITY = "iPhone Developer";
				COPY_PHASE_STRIP = NO;
				DEBUG_INFORMATION_FORMAT = "dwarf-with-dsym";
				ENABLE_NS_ASSERTIONS = NO;
				ENABLE_STRICT_OBJC_MSGSEND = YES;
				GCC_C_LANGUAGE_STANDARD = gnu11;
				GCC_NO_COMMON_BLOCKS = YES;
				GCC_WARN_64_TO_32_BIT_CONVERSION = YES;
				GCC_WARN_ABOUT_RETURN_TYPE = YES_ERROR;
				GCC_WARN_UNDECLARED_SELECTOR = YES;
				GCC_WARN_UNINITIALIZED_AUTOS = YES_AGGRESSIVE;
				GCC_WARN_UNUSED_FUNCTION = YES;
				GCC_WARN_UNUSED_VARIABLE = YES;
				IPHONEOS_DEPLOYMENT_TARGET = 12.1;
				MTL_ENABLE_DEBUG_INFO = NO;
				MTL_FAST_MATH = YES;
				SDKROOT = iphoneos;
				SWIFT_COMPILATION_MODE = wholemodule;
				SWIFT_OPTIMIZATION_LEVEL = "-O";
				VALIDATE_PRODUCT = YES;
			};
			name = Release;
		};
		79811D7D21E32BA7006E6129 /* Debug */ = {
			isa = XCBuildConfiguration;
			buildSettings = {
				ASSETCATALOG_COMPILER_APPICON_NAME = AppIcon;
				CODE_SIGN_STYLE = Automatic;
				DEVELOPMENT_TEAM = 3YKZSY3MBA;
				INFOPLIST_FILE = Budgets/Info.plist;
				LD_RUNPATH_SEARCH_PATHS = (
					"$(inherited)",
					"@executable_path/Frameworks",
				);
				PRODUCT_BUNDLE_IDENTIFIER = com.Ievgenii.Iablonskyi.Budgets;
				PRODUCT_NAME = "$(TARGET_NAME)";
				SWIFT_VERSION = 4.2;
				TARGETED_DEVICE_FAMILY = "1,2";
			};
			name = Debug;
		};
		79811D7E21E32BA7006E6129 /* Release */ = {
			isa = XCBuildConfiguration;
			buildSettings = {
				ASSETCATALOG_COMPILER_APPICON_NAME = AppIcon;
				CODE_SIGN_STYLE = Automatic;
				DEVELOPMENT_TEAM = 3YKZSY3MBA;
				INFOPLIST_FILE = Budgets/Info.plist;
				LD_RUNPATH_SEARCH_PATHS = (
					"$(inherited)",
					"@executable_path/Frameworks",
				);
				PRODUCT_BUNDLE_IDENTIFIER = com.Ievgenii.Iablonskyi.Budgets;
				PRODUCT_NAME = "$(TARGET_NAME)";
				SWIFT_VERSION = 4.2;
				TARGETED_DEVICE_FAMILY = "1,2";
			};
			name = Release;
		};
		79811D8021E32BA7006E6129 /* Debug */ = {
			isa = XCBuildConfiguration;
			buildSettings = {
				ALWAYS_EMBED_SWIFT_STANDARD_LIBRARIES = YES;
				BUNDLE_LOADER = "$(TEST_HOST)";
				CODE_SIGN_STYLE = Automatic;
				DEVELOPMENT_TEAM = 3YKZSY3MBA;
				INFOPLIST_FILE = BudgetsTests/Info.plist;
				LD_RUNPATH_SEARCH_PATHS = (
					"$(inherited)",
					"@executable_path/Frameworks",
					"@loader_path/Frameworks",
				);
				PRODUCT_BUNDLE_IDENTIFIER = com.Ievgenii.Iablonskyi.BudgetsTests;
				PRODUCT_NAME = "$(TARGET_NAME)";
				SWIFT_VERSION = 4.2;
				TARGETED_DEVICE_FAMILY = "1,2";
				TEST_HOST = "$(BUILT_PRODUCTS_DIR)/Budgets.app/Budgets";
			};
			name = Debug;
		};
		79811D8121E32BA7006E6129 /* Release */ = {
			isa = XCBuildConfiguration;
			buildSettings = {
				ALWAYS_EMBED_SWIFT_STANDARD_LIBRARIES = YES;
				BUNDLE_LOADER = "$(TEST_HOST)";
				CODE_SIGN_STYLE = Automatic;
				DEVELOPMENT_TEAM = 3YKZSY3MBA;
				INFOPLIST_FILE = BudgetsTests/Info.plist;
				LD_RUNPATH_SEARCH_PATHS = (
					"$(inherited)",
					"@executable_path/Frameworks",
					"@loader_path/Frameworks",
				);
				PRODUCT_BUNDLE_IDENTIFIER = com.Ievgenii.Iablonskyi.BudgetsTests;
				PRODUCT_NAME = "$(TARGET_NAME)";
				SWIFT_VERSION = 4.2;
				TARGETED_DEVICE_FAMILY = "1,2";
				TEST_HOST = "$(BUILT_PRODUCTS_DIR)/Budgets.app/Budgets";
			};
			name = Release;
		};
		79811D8321E32BA7006E6129 /* Debug */ = {
			isa = XCBuildConfiguration;
			buildSettings = {
				ALWAYS_EMBED_SWIFT_STANDARD_LIBRARIES = YES;
				CODE_SIGN_STYLE = Automatic;
				DEVELOPMENT_TEAM = 3YKZSY3MBA;
				INFOPLIST_FILE = BudgetsUITests/Info.plist;
				LD_RUNPATH_SEARCH_PATHS = (
					"$(inherited)",
					"@executable_path/Frameworks",
					"@loader_path/Frameworks",
				);
				PRODUCT_BUNDLE_IDENTIFIER = com.Ievgenii.Iablonskyi.BudgetsUITests;
				PRODUCT_NAME = "$(TARGET_NAME)";
				SWIFT_VERSION = 4.2;
				TARGETED_DEVICE_FAMILY = "1,2";
				TEST_TARGET_NAME = Budgets;
			};
			name = Debug;
		};
		79811D8421E32BA7006E6129 /* Release */ = {
			isa = XCBuildConfiguration;
			buildSettings = {
				ALWAYS_EMBED_SWIFT_STANDARD_LIBRARIES = YES;
				CODE_SIGN_STYLE = Automatic;
				DEVELOPMENT_TEAM = 3YKZSY3MBA;
				INFOPLIST_FILE = BudgetsUITests/Info.plist;
				LD_RUNPATH_SEARCH_PATHS = (
					"$(inherited)",
					"@executable_path/Frameworks",
					"@loader_path/Frameworks",
				);
				PRODUCT_BUNDLE_IDENTIFIER = com.Ievgenii.Iablonskyi.BudgetsUITests;
				PRODUCT_NAME = "$(TARGET_NAME)";
				SWIFT_VERSION = 4.2;
				TARGETED_DEVICE_FAMILY = "1,2";
				TEST_TARGET_NAME = Budgets;
			};
			name = Release;
		};
/* End XCBuildConfiguration section */

/* Begin XCConfigurationList section */
		79811D4F21E32BA6006E6129 /* Build configuration list for PBXProject "Budgets" */ = {
			isa = XCConfigurationList;
			buildConfigurations = (
				79811D7A21E32BA7006E6129 /* Debug */,
				79811D7B21E32BA7006E6129 /* Release */,
			);
			defaultConfigurationIsVisible = 0;
			defaultConfigurationName = Release;
		};
		79811D7C21E32BA7006E6129 /* Build configuration list for PBXNativeTarget "Budgets" */ = {
			isa = XCConfigurationList;
			buildConfigurations = (
				79811D7D21E32BA7006E6129 /* Debug */,
				79811D7E21E32BA7006E6129 /* Release */,
			);
			defaultConfigurationIsVisible = 0;
			defaultConfigurationName = Release;
		};
		79811D7F21E32BA7006E6129 /* Build configuration list for PBXNativeTarget "BudgetsTests" */ = {
			isa = XCConfigurationList;
			buildConfigurations = (
				79811D8021E32BA7006E6129 /* Debug */,
				79811D8121E32BA7006E6129 /* Release */,
			);
			defaultConfigurationIsVisible = 0;
			defaultConfigurationName = Release;
		};
		79811D8221E32BA7006E6129 /* Build configuration list for PBXNativeTarget "BudgetsUITests" */ = {
			isa = XCConfigurationList;
			buildConfigurations = (
				79811D8321E32BA7006E6129 /* Debug */,
				79811D8421E32BA7006E6129 /* Release */,
			);
			defaultConfigurationIsVisible = 0;
			defaultConfigurationName = Release;
		};
/* End XCConfigurationList section */
	};
	rootObject = 79811D4C21E32BA6006E6129 /* Project object */;
}
